
Microsoft Visual Studio Solution File, Format Version 12.00
# Visual Studio 14
VisualStudioVersion = 14.0.25420.1
MinimumVisualStudioVersion = 10.0.40219.1
Project("{FAE04EC0-301F-11D3-BF4B-00C04F79EFBC}") = "ClassLibraryForRegisterDB", "ClassLibraryForRegisterDB\ClassLibraryForRegisterDB.csproj", "{230C0E68-92F9-481B-95A0-C2F74BEDFD3A}"
EndProject
Project("{FAE04EC0-301F-11D3-BF4B-00C04F79EFBC}") = "WcfServiceForRegisterDB", "WcfServiceForRegisterDB\WcfServiceForRegisterDB.csproj", "{34FF2902-880E-4233-98B6-5F92F6B6DB65}"
EndProject
Project("{FAE04EC0-301F-11D3-BF4B-00C04F79EFBC}") = "WebFormForRegisterDB", "WebFormForRegisterDB\WebFormForRegisterDB.csproj", "{0209274A-642B-45AE-96DE-3A5BE3420509}"
	ProjectSection(ProjectDependencies) = postProject
		{34FF2902-880E-4233-98B6-5F92F6B6DB65} = {34FF2902-880E-4233-98B6-5F92F6B6DB65}
	EndProjectSection
EndProject
Project("{FAE04EC0-301F-11D3-BF4B-00C04F79EFBC}") = "DummyForm", "DummyForm\DummyForm.csproj", "{F252712D-183B-4EA4-BB67-AF25FE415130}"
EndProject
Project("{FAE04EC0-301F-11D3-BF4B-00C04F79EFBC}") = "DummyWcfServiceLibrary1", "DummyWcfServiceLibrary1\DummyWcfServiceLibrary1.csproj", "{ABB3FAC6-7E70-4A17-A0F8-0A91F7C56236}"
EndProject
Global
	GlobalSection(SolutionConfigurationPlatforms) = preSolution
		Debug|Any CPU = Debug|Any CPU
		Release|Any CPU = Release|Any CPU
	EndGlobalSection
	GlobalSection(ProjectConfigurationPlatforms) = postSolution
		{230C0E68-92F9-481B-95A0-C2F74BEDFD3A}.Debug|Any CPU.ActiveCfg = Debug|Any CPU
		{230C0E68-92F9-481B-95A0-C2F74BEDFD3A}.Debug|Any CPU.Build.0 = Debug|Any CPU
		{230C0E68-92F9-481B-95A0-C2F74BEDFD3A}.Release|Any CPU.ActiveCfg = Release|Any CPU
		{230C0E68-92F9-481B-95A0-C2F74BEDFD3A}.Release|Any CPU.Build.0 = Release|Any CPU
		{34FF2902-880E-4233-98B6-5F92F6B6DB65}.Debug|Any CPU.ActiveCfg = Debug|Any CPU
		{34FF2902-880E-4233-98B6-5F92F6B6DB65}.Debug|Any CPU.Build.0 = Debug|Any CPU
		{34FF2902-880E-4233-98B6-5F92F6B6DB65}.Release|Any CPU.ActiveCfg = Release|Any CPU
		{34FF2902-880E-4233-98B6-5F92F6B6DB65}.Release|Any CPU.Build.0 = Release|Any CPU
		{0209274A-642B-45AE-96DE-3A5BE3420509}.Debug|Any CPU.ActiveCfg = Debug|Any CPU
		{0209274A-642B-45AE-96DE-3A5BE3420509}.Debug|Any CPU.Build.0 = Debug|Any CPU
		{0209274A-642B-45AE-96DE-3A5BE3420509}.Release|Any CPU.ActiveCfg = Release|Any CPU
		{0209274A-642B-45AE-96DE-3A5BE3420509}.Release|Any CPU.Build.0 = Release|Any CPU
		{F252712D-183B-4EA4-BB67-AF25FE415130}.Debug|Any CPU.ActiveCfg = Debug|Any CPU
		{F252712D-183B-4EA4-BB67-AF25FE415130}.Debug|Any CPU.Build.0 = Debug|Any CPU
		{F252712D-183B-4EA4-BB67-AF25FE415130}.Release|Any CPU.ActiveCfg = Release|Any CPU
		{F252712D-183B-4EA4-BB67-AF25FE415130}.Release|Any CPU.Build.0 = Release|Any CPU
		{ABB3FAC6-7E70-4A17-A0F8-0A91F7C56236}.Debug|Any CPU.ActiveCfg = Debug|Any CPU
		{ABB3FAC6-7E70-4A17-A0F8-0A91F7C56236}.Debug|Any CPU.Build.0 = Debug|Any CPU
		{ABB3FAC6-7E70-4A17-A0F8-0A91F7C56236}.Release|Any CPU.ActiveCfg = Release|Any CPU
		{ABB3FAC6-7E70-4A17-A0F8-0A91F7C56236}.Release|Any CPU.Build.0 = Release|Any CPU
	EndGlobalSection
	GlobalSection(SolutionProperties) = preSolution
		HideSolutionNode = FALSE
	EndGlobalSection
EndGlobal
